
Microsoft Visual Studio Solution File, Format Version 12.00
# Visual Studio Version 17
VisualStudioVersion = 17.8.34330.188
MinimumVisualStudioVersion = 10.0.40219.1
Project("{FAE04EC0-301F-11D3-BF4B-00C04F79EFBC}") = "lab10", "lab10.csproj", "{23B620CF-C3B0-4ABD-8E4C-D5BF11763AEB}"
EndProject
Global
	GlobalSection(SolutionConfigurationPlatforms) = preSolution
		Debug|Any CPU = Debug|Any CPU
		Release|Any CPU = Release|Any CPU
	EndGlobalSection
	GlobalSection(ProjectConfigurationPlatforms) = postSolution
		{23B620CF-C3B0-4ABD-8E4C-D5BF11763AEB}.Debug|Any CPU.ActiveCfg = Debug|Any CPU
		{23B620CF-C3B0-4ABD-8E4C-D5BF11763AEB}.Debug|Any CPU.Build.0 = Debug|Any CPU
		{23B620CF-C3B0-4ABD-8E4C-D5BF11763AEB}.Release|Any CPU.ActiveCfg = Release|Any CPU
		{23B620CF-C3B0-4ABD-8E4C-D5BF11763AEB}.Release|Any CPU.Build.0 = Release|Any CPU
	EndGlobalSection
	GlobalSection(SolutionProperties) = preSolution
		HideSolutionNode = FALSE
	EndGlobalSection
	GlobalSection(ExtensibilityGlobals) = postSolution
		SolutionGuid = {91466D33-A1A9-40CE-BECD-7176AE60611F}
	EndGlobalSection
EndGlobal
