
Microsoft Visual Studio Solution File, Format Version 12.00
# Visual Studio Version 17
VisualStudioVersion = 17.8.34330.188
MinimumVisualStudioVersion = 10.0.40219.1
Project("{FAE04EC0-301F-11D3-BF4B-00C04F79EFBC}") = "lab7", "lab7.csproj", "{B4C43B59-5016-41CD-B9D6-2A7F8FD6741B}"
EndProject
Global
	GlobalSection(SolutionConfigurationPlatforms) = preSolution
		Debug|Any CPU = Debug|Any CPU
		Release|Any CPU = Release|Any CPU
	EndGlobalSection
	GlobalSection(ProjectConfigurationPlatforms) = postSolution
		{B4C43B59-5016-41CD-B9D6-2A7F8FD6741B}.Debug|Any CPU.ActiveCfg = Debug|Any CPU
		{B4C43B59-5016-41CD-B9D6-2A7F8FD6741B}.Debug|Any CPU.Build.0 = Debug|Any CPU
		{B4C43B59-5016-41CD-B9D6-2A7F8FD6741B}.Release|Any CPU.ActiveCfg = Release|Any CPU
		{B4C43B59-5016-41CD-B9D6-2A7F8FD6741B}.Release|Any CPU.Build.0 = Release|Any CPU
	EndGlobalSection
	GlobalSection(SolutionProperties) = preSolution
		HideSolutionNode = FALSE
	EndGlobalSection
	GlobalSection(ExtensibilityGlobals) = postSolution
		SolutionGuid = {9A1969D5-8D5C-48DF-98C3-F3A261E87B7D}
	EndGlobalSection
EndGlobal
